Microsoft Visual Studio Solution File, Format Version 12.00
# Visual Studio Version 17
VisualStudioVersion = 17.5.2.0
MinimumVisualStudioVersion = 10.0.40219.1
Project("{FAE04EC0-301F-11D3-BF4B-00C04F79EFBC}") = "FM17", "FM17.csproj", "{5EDFFD04-5511-EF28-2150-5B717F044EEB}"
EndProject
Global
	GlobalSection(SolutionConfigurationPlatforms) = preSolution
		Debug|Any CPU = Debug|Any CPU
		Release|Any CPU = Release|Any CPU
	EndGlobalSection
	GlobalSection(ProjectConfigurationPlatforms) = postSolution
		{5EDFFD04-5511-EF28-2150-5B717F044EEB}.Debug|Any CPU.ActiveCfg = Debug|Any CPU
		{5EDFFD04-5511-EF28-2150-5B717F044EEB}.Debug|Any CPU.Build.0 = Debug|Any CPU
		{5EDFFD04-5511-EF28-2150-5B717F044EEB}.Release|Any CPU.ActiveCfg = Release|Any CPU
		{5EDFFD04-5511-EF28-2150-5B717F044EEB}.Release|Any CPU.Build.0 = Release|Any CPU
	EndGlobalSection
	GlobalSection(SolutionProperties) = preSolution
		HideSolutionNode = FALSE
	EndGlobalSection
	GlobalSection(ExtensibilityGlobals) = postSolution
		SolutionGuid = {E879FED6-AE78-4655-BC50-53ABA611A367}
	EndGlobalSection
EndGlobal
